
Microsoft Visual Studio Solution File, Format Version 12.00
# Visual Studio Version 16
VisualStudioVersion = 16.0.31019.35
MinimumVisualStudioVersion = 10.0.40219.1
Project("{FAE04EC0-301F-11D3-BF4B-00C04F79EFBC}") = "YuktiSolutions.MarketingFunnel", "YuktiSolutions.MarketingFunnel\YuktiSolutions.MarketingFunnel.csproj", "{04EA5EEC-F325-488D-B735-67F264C91D49}"
EndProject
Global
	GlobalSection(SolutionConfigurationPlatforms) = preSolution
		Debug|Any CPU = Debug|Any CPU
		Release|Any CPU = Release|Any CPU
	EndGlobalSection
	GlobalSection(ProjectConfigurationPlatforms) = postSolution
		{04EA5EEC-F325-488D-B735-67F264C91D49}.Debug|Any CPU.ActiveCfg = Debug|Any CPU
		{04EA5EEC-F325-488D-B735-67F264C91D49}.Debug|Any CPU.Build.0 = Debug|Any CPU
		{04EA5EEC-F325-488D-B735-67F264C91D49}.Release|Any CPU.ActiveCfg = Release|Any CPU
		{04EA5EEC-F325-488D-B735-67F264C91D49}.Release|Any CPU.Build.0 = Release|Any CPU
	EndGlobalSection
	GlobalSection(SolutionProperties) = preSolution
		HideSolutionNode = FALSE
	EndGlobalSection
	GlobalSection(ExtensibilityGlobals) = postSolution
		SolutionGuid = {6F3227B8-1556-4DA0-8E98-A8C383F97D91}
	EndGlobalSection
EndGlobal
